// !$*UTF8*$!
{
	archiveVersion = 1;
	classes = {
	};
	objectVersion = 55;
	objects = {

/* Begin PBXBuildFile section */
		87878EB8279630DF00AB3E06 /* LetterView.swift in Sources */ = {isa = PBXBuildFile; fileRef = 87878EB7279630DF00AB3E06 /* LetterView.swift */; };
		87878EB9279630DF00AB3E06 /* LetterView.swift in Sources */ = {isa = PBXBuildFile; fileRef = 87878EB7279630DF00AB3E06 /* LetterView.swift */; };
		87878EBB2796310200AB3E06 /* WordView.swift in Sources */ = {isa = PBXBuildFile; fileRef = 87878EBA2796310200AB3E06 /* WordView.swift */; };
		87878EBC2796310200AB3E06 /* WordView.swift in Sources */ = {isa = PBXBuildFile; fileRef = 87878EBA2796310200AB3E06 /* WordView.swift */; };
		87878EBE2796320E00AB3E06 /* Keyboard.swift in Sources */ = {isa = PBXBuildFile; fileRef = 87878EBD2796320E00AB3E06 /* Keyboard.swift */; };
		87878EBF2796320E00AB3E06 /* Keyboard.swift in Sources */ = {isa = PBXBuildFile; fileRef = 87878EBD2796320E00AB3E06 /* Keyboard.swift */; };
		87878EC1279633A100AB3E06 /* Extensions.swift in Sources */ = {isa = PBXBuildFile; fileRef = 87878EC0279633A100AB3E06 /* Extensions.swift */; };
		87878EC2279633A100AB3E06 /* Extensions.swift in Sources */ = {isa = PBXBuildFile; fileRef = 87878EC0279633A100AB3E06 /* Extensions.swift */; };
		879DE07D2794D75E00E539EB /* ViewModel.swift in Sources */ = {isa = PBXBuildFile; fileRef = 879DE07C2794D75E00E539EB /* ViewModel.swift */; };
		879DE07E2794D75E00E539EB /* ViewModel.swift in Sources */ = {isa = PBXBuildFile; fileRef = 879DE07C2794D75E00E539EB /* ViewModel.swift */; };
		879DE0802794D79B00E539EB /* Model.swift in Sources */ = {isa = PBXBuildFile; fileRef = 879DE07F2794D79B00E539EB /* Model.swift */; };
		879DE0812794D79B00E539EB /* Model.swift in Sources */ = {isa = PBXBuildFile; fileRef = 879DE07F2794D79B00E539EB /* Model.swift */; };
		87B287172793FE7800A7ED53 /* Words.swift in Sources */ = {isa = PBXBuildFile; fileRef = 87B287162793FE7800A7ED53 /* Words.swift */; };
		87B287182793FE7800A7ED53 /* Words.swift in Sources */ = {isa = PBXBuildFile; fileRef = 87B287162793FE7800A7ED53 /* Words.swift */; };
		87CF15AD2792588800F37766 /* WordleApp.swift in Sources */ = {isa = PBXBuildFile; fileRef = 87CF159D2792588700F37766 /* WordleApp.swift */; };
		87CF15AE2792588800F37766 /* WordleApp.swift in Sources */ = {isa = PBXBuildFile; fileRef = 87CF159D2792588700F37766 /* WordleApp.swift */; };
		87CF15AF2792588800F37766 /* ContentView.swift in Sources */ = {isa = PBXBuildFile; fileRef = 87CF159E2792588700F37766 /* ContentView.swift */; };
		87CF15B02792588800F37766 /* ContentView.swift in Sources */ = {isa = PBXBuildFile; fileRef = 87CF159E2792588700F37766 /* ContentView.swift */; };
		87CF15B12792588800F37766 /* Assets.xcassets in Resources */ = {isa = PBXBuildFile; fileRef = 87CF159F2792588800F37766 /* Assets.xcassets */; };
		87CF15B22792588800F37766 /* Assets.xcassets in Resources */ = {isa = PBXBuildFile; fileRef = 87CF159F2792588800F37766 /* Assets.xcassets */; };
/* End PBXBuildFile section */

/* Begin PBXFileReference section */
		87878EB7279630DF00AB3E06 /* LetterView.swift */ = {isa = PBXFileReference; lastKnownFileType = sourcecode.swift; path = LetterView.swift; sourceTree = "<group>"; };
		87878EBA2796310200AB3E06 /* WordView.swift */ = {isa = PBXFileReference; lastKnownFileType = sourcecode.swift; path = WordView.swift; sourceTree = "<group>"; };
		87878EBD2796320E00AB3E06 /* Keyboard.swift */ = {isa = PBXFileReference; lastKnownFileType = sourcecode.swift; path = Keyboard.swift; sourceTree = "<group>"; };
		87878EC0279633A100AB3E06 /* Extensions.swift */ = {isa = PBXFileReference; lastKnownFileType = sourcecode.swift; path = Extensions.swift; sourceTree = "<group>"; };
		879DE07C2794D75E00E539EB /* ViewModel.swift */ = {isa = PBXFileReference; lastKnownFileType = sourcecode.swift; path = ViewModel.swift; sourceTree = "<group>"; };
		879DE07F2794D79B00E539EB /* Model.swift */ = {isa = PBXFileReference; lastKnownFileType = sourcecode.swift; path = Model.swift; sourceTree = "<group>"; };
		87B287162793FE7800A7ED53 /* Words.swift */ = {isa = PBXFileReference; lastKnownFileType = sourcecode.swift; path = Words.swift; sourceTree = "<group>"; };
		87CF159D2792588700F37766 /* WordleApp.swift */ = {isa = PBXFileReference; lastKnownFileType = sourcecode.swift; path = WordleApp.swift; sourceTree = "<group>"; };
		87CF159E2792588700F37766 /* ContentView.swift */ = {isa = PBXFileReference; lastKnownFileType = sourcecode.swift; path = ContentView.swift; sourceTree = "<group>"; };
		87CF159F2792588800F37766 /* Assets.xcassets */ = {isa = PBXFileReference; lastKnownFileType = folder.assetcatalog; path = Assets.xcassets; sourceTree = "<group>"; };
		87CF15A42792588800F37766 /* Wordle.app */ = {isa = PBXFileReference; explicitFileType = wrapper.application; includeInIndex = 0; path = Wordle.app; sourceTree = BUILT_PRODUCTS_DIR; };
		87CF15AA2792588800F37766 /* Wordle.app */ = {isa = PBXFileReference; explicitFileType = wrapper.application; includeInIndex = 0; path = Wordle.app; sourceTree = BUILT_PRODUCTS_DIR; };
		87CF15AC2792588800F37766 /* macOS.entitlements */ = {isa = PBXFileReference; lastKnownFileType = text.plist.entitlements; path = macOS.entitlements; sourceTree = "<group>"; };
/* End PBXFileReference section */

/* Begin PBXFrameworksBuildPhase section */
		87CF15A12792588800F37766 /* Frameworks */ = {
			isa = PBXFrameworksBuildPhase;
			buildActionMask = 2147483647;
			files = (
			);
			runOnlyForDeploymentPostprocessing = 0;
		};
		87CF15A72792588800F37766 /* Frameworks */ = {
			isa = PBXFrameworksBuildPhase;
			buildActionMask = 2147483647;
			files = (
			);
			runOnlyForDeploymentPostprocessing = 0;
		};
/* End PBXFrameworksBuildPhase section */

/* Begin PBXGroup section */
		87878EB62796307700AB3E06 /* Views */ = {
			isa = PBXGroup;
			children = (
				87CF159E2792588700F37766 /* ContentView.swift */,
				87878EB7279630DF00AB3E06 /* LetterView.swift */,
				87878EBA2796310200AB3E06 /* WordView.swift */,
				87878EBD2796320E00AB3E06 /* Keyboard.swift */,
			);
			path = Views;
			sourceTree = "<group>";
		};
		87CF15972792588700F37766 = {
			isa = PBXGroup;
			children = (
				87CF159C2792588700F37766 /* Shared */,
				87CF15AB2792588800F37766 /* macOS */,
				87CF15A52792588800F37766 /* Products */,
			);
			sourceTree = "<group>";
		};
		87CF159C2792588700F37766 /* Shared */ = {
			isa = PBXGroup;
			children = (
				87CF159D2792588700F37766 /* WordleApp.swift */,
				87878EB62796307700AB3E06 /* Views */,
				879DE07C2794D75E00E539EB /* ViewModel.swift */,
				87878EC0279633A100AB3E06 /* Extensions.swift */,
				879DE07F2794D79B00E539EB /* Model.swift */,
				87B287162793FE7800A7ED53 /* Words.swift */,
				87CF159F2792588800F37766 /* Assets.xcassets */,
			);
			path = Shared;
			sourceTree = "<group>";
		};
		87CF15A52792588800F37766 /* Products */ = {
			isa = PBXGroup;
			children = (
				87CF15A42792588800F37766 /* Wordle.app */,
				87CF15AA2792588800F37766 /* Wordle.app */,
			);
			name = Products;
			sourceTree = "<group>";
		};
		87CF15AB2792588800F37766 /* macOS */ = {
			isa = PBXGroup;
			children = (
				87CF15AC2792588800F37766 /* macOS.entitlements */,
			);
			path = macOS;
			sourceTree = "<group>";
		};
/* End PBXGroup section */

/* Begin PBXNativeTarget section */
		87CF15A32792588800F37766 /* Wordle (iOS) */ = {
			isa = PBXNativeTarget;
			buildConfigurationList = 87CF15B52792588800F37766 /* Build configuration list for PBXNativeTarget "Wordle (iOS)" */;
			buildPhases = (
				87CF15A02792588800F37766 /* Sources */,
				87CF15A12792588800F37766 /* Frameworks */,
				87CF15A22792588800F37766 /* Resources */,
			);
			buildRules = (
			);
			dependencies = (
			);
			name = "Wordle (iOS)";
			productName = "Wordle (iOS)";
			productReference = 87CF15A42792588800F37766 /* Wordle.app */;
			productType = "com.apple.product-type.application";
		};
		87CF15A92792588800F37766 /* Wordle (macOS) */ = {
			isa = PBXNativeTarget;
			buildConfigurationList = 87CF15B82792588800F37766 /* Build configuration list for PBXNativeTarget "Wordle (macOS)" */;
			buildPhases = (
				87CF15A62792588800F37766 /* Sources */,
				87CF15A72792588800F37766 /* Frameworks */,
				87CF15A82792588800F37766 /* Resources */,
			);
			buildRules = (
			);
			dependencies = (
			);
			name = "Wordle (macOS)";
			productName = "Wordle (macOS)";
			productReference = 87CF15AA2792588800F37766 /* Wordle.app */;
			productType = "com.apple.product-type.application";
		};
/* End PBXNativeTarget section */

/* Begin PBXProject section */
		87CF15982792588700F37766 /* Project object */ = {
			isa = PBXProject;
			attributes = {
				BuildIndependentTargetsInParallel = 1;
				LastSwiftUpdateCheck = 1320;
				LastUpgradeCheck = 1320;
				TargetAttributes = {
					87CF15A32792588800F37766 = {
						CreatedOnToolsVersion = 13.2.1;
					};
					87CF15A92792588800F37766 = {
						CreatedOnToolsVersion = 13.2.1;
					};
				};
			};
			buildConfigurationList = 87CF159B2792588700F37766 /* Build configuration list for PBXProject "Wordle" */;
			compatibilityVersion = "Xcode 13.0";
			developmentRegion = en;
			hasScannedForEncodings = 0;
			knownRegions = (
				en,
				Base,
			);
			mainGroup = 87CF15972792588700F37766;
			productRefGroup = 87CF15A52792588800F37766 /* Products */;
			projectDirPath = "";
			projectRoot = "";
			targets = (
				87CF15A32792588800F37766 /* Wordle (iOS) */,
				87CF15A92792588800F37766 /* Wordle (macOS) */,
			);
		};
/* End PBXProject section */

/* Begin PBXResourcesBuildPhase section */
		87CF15A22792588800F37766 /* Resources */ = {
			isa = PBXResourcesBuildPhase;
			buildActionMask = 2147483647;
			files = (
				87CF15B12792588800F37766 /* Assets.xcassets in Resources */,
			);
			runOnlyForDeploymentPostprocessing = 0;
		};
		87CF15A82792588800F37766 /* Resources */ = {
			isa = PBXResourcesBuildPhase;
			buildActionMask = 2147483647;
			files = (
				87CF15B22792588800F37766 /* Assets.xcassets in Resources */,
			);
			runOnlyForDeploymentPostprocessing = 0;
		};
/* End PBXResourcesBuildPhase section */

/* Begin PBXSourcesBuildPhase section */
		87CF15A02792588800F37766 /* Sources */ = {
			isa = PBXSourcesBuildPhase;
			buildActionMask = 2147483647;
			files = (
				879DE0802794D79B00E539EB /* Model.swift in Sources */,
				87878EC1279633A100AB3E06 /* Extensions.swift in Sources */,
				87B287172793FE7800A7ED53 /* Words.swift in Sources */,
				87878EBB2796310200AB3E06 /* WordView.swift in Sources */,
				87CF15AF2792588800F37766 /* ContentView.swift in Sources */,
				87878EBE2796320E00AB3E06 /* Keyboard.swift in Sources */,
				879DE07D2794D75E00E539EB /* ViewModel.swift in Sources */,
				87878EB8279630DF00AB3E06 /* LetterView.swift in Sources */,
				87CF15AD2792588800F37766 /* WordleApp.swift in Sources */,
			);
			runOnlyForDeploymentPostprocessing = 0;
		};
		87CF15A62792588800F37766 /* Sources */ = {
			isa = PBXSourcesBuildPhase;
			buildActionMask = 2147483647;
			files = (
				879DE0812794D79B00E539EB /* Model.swift in Sources */,
				87878EC2279633A100AB3E06 /* Extensions.swift in Sources */,
				87B287182793FE7800A7ED53 /* Words.swift in Sources */,
				87878EBC2796310200AB3E06 /* WordView.swift in Sources */,
				87CF15B02792588800F37766 /* ContentView.swift in Sources */,
				87878EBF2796320E00AB3E06 /* Keyboard.swift in Sources */,
				879DE07E2794D75E00E539EB /* ViewModel.swift in Sources */,
				87878EB9279630DF00AB3E06 /* LetterView.swift in Sources */,
				87CF15AE2792588800F37766 /* WordleApp.swift in Sources */,
			);
			runOnlyForDeploymentPostprocessing = 0;
		};
/* End PBXSourcesBuildPhase section */

/* Begin XCBuildConfiguration section */
		87CF15B32792588800F37766 /* Debug */ = {
			isa = XCBuildConfiguration;
			buildSettings = {
				ALWAYS_SEARCH_USER_PATHS = NO;
				CLANG_ANALYZER_NONNULL = YES;
				CLANG_ANALYZER_NUMBER_OBJECT_CONVERSION = YES_AGGRESSIVE;
				CLANG_CXX_LANGUAGE_STANDARD = "gnu++17";
				CLANG_CXX_LIBRARY = "libc++";
				CLANG_ENABLE_MODULES = YES;
				CLANG_ENABLE_OBJC_ARC = YES;
				CLANG_ENABLE_OBJC_WEAK = YES;
				CLANG_WARN_BLOCK_CAPTURE_AUTORELEASING = YES;
				CLANG_WARN_BOOL_CONVERSION = YES;
				CLANG_WARN_COMMA = YES;
				CLANG_WARN_CONSTANT_CONVERSION = YES;
				CLANG_WARN_DEPRECATED_OBJC_IMPLEMENTATIONS = YES;
				CLANG_WARN_DIRECT_OBJC_ISA_USAGE = YES_ERROR;
				CLANG_WARN_DOCUMENTATION_COMMENTS = YES;
				CLANG_WARN_EMPTY_BODY = YES;
				CLANG_WARN_ENUM_CONVERSION = YES;
				CLANG_WARN_INFINITE_RECURSION = YES;
				CLANG_WARN_INT_CONVERSION = YES;
				CLANG_WARN_NON_LITERAL_NULL_CONVERSION = YES;
				CLANG_WARN_OBJC_IMPLICIT_RETAIN_SELF = YES;
				CLANG_WARN_OBJC_LITERAL_CONVERSION = YES;
				CLANG_WARN_OBJC_ROOT_CLASS = YES_ERROR;
				CLANG_WARN_QUOTED_INCLUDE_IN_FRAMEWORK_HEADER = YES;
				CLANG_WARN_RANGE_LOOP_ANALYSIS = YES;
				CLANG_WARN_STRICT_PROTOTYPES = YES;
				CLANG_WARN_SUSPICIOUS_MOVE = YES;
				CLANG_WARN_UNGUARDED_AVAILABILITY = YES_AGGRESSIVE;
				CLANG_WARN_UNREACHABLE_CODE = YES;
				CLANG_WARN__DUPLICATE_METHOD_MATCH = YES;
				COPY_PHASE_STRIP = NO;
				DEBUG_INFORMATION_FORMAT = dwarf;
				ENABLE_STRICT_OBJC_MSGSEND = YES;
				ENABLE_TESTABILITY = YES;
				GCC_C_LANGUAGE_STANDARD = gnu11;
				GCC_DYNAMIC_NO_PIC = NO;
				GCC_NO_COMMON_BLOCKS = YES;
				GCC_OPTIMIZATION_LEVEL = 0;
				GCC_PREPROCESSOR_DEFINITIONS = (
					"DEBUG=1",
					"$(inherited)",
				);
				GCC_WARN_64_TO_32_BIT_CONVERSION = YES;
				GCC_WARN_ABOUT_RETURN_TYPE = YES_ERROR;
				GCC_WARN_UNDECLARED_SELECTOR = YES;
				GCC_WARN_UNINITIALIZED_AUTOS = YES_AGGRESSIVE;
				GCC_WARN_UNUSED_FUNCTION = YES;
				GCC_WARN_UNUSED_VARIABLE = YES;
				MTL_ENABLE_DEBUG_INFO = INCLUDE_SOURCE;
				MTL_FAST_MATH = YES;
				ONLY_ACTIVE_ARCH = YES;
				SWIFT_ACTIVE_COMPILATION_CONDITIONS = DEBUG;
				SWIFT_OPTIMIZATION_LEVEL = "-Onone";
			};
			name = Debug;
		};
		87CF15B42792588800F37766 /* Release */ = {
			isa = XCBuildConfiguration;
			buildSettings = {
				ALWAYS_SEARCH_USER_PATHS = NO;
				CLANG_ANALYZER_NONNULL = YES;
				CLANG_ANALYZER_NUMBER_OBJECT_CONVERSION = YES_AGGRESSIVE;
				CLANG_CXX_LANGUAGE_STANDARD = "gnu++17";
				CLANG_CXX_LIBRARY = "libc++";
				CLANG_ENABLE_MODULES = YES;
				CLANG_ENABLE_OBJC_ARC = YES;
				CLANG_ENABLE_OBJC_WEAK = YES;
				CLANG_WARN_BLOCK_CAPTURE_AUTORELEASING = YES;
				CLANG_WARN_BOOL_CONVERSION = YES;
				CLANG_WARN_COMMA = YES;
				CLANG_WARN_CONSTANT_CONVERSION = YES;
				CLANG_WARN_DEPRECATED_OBJC_IMPLEMENTATIONS = YES;
				CLANG_WARN_DIRECT_OBJC_ISA_USAGE = YES_ERROR;
				CLANG_WARN_DOCUMENTATION_COMMENTS = YES;
				CLANG_WARN_EMPTY_BODY = YES;
				CLANG_WARN_ENUM_CONVERSION = YES;
				CLANG_WARN_INFINITE_RECURSION = YES;
				CLANG_WARN_INT_CONVERSION = YES;
				CLANG_WARN_NON_LITERAL_NULL_CONVERSION = YES;
				CLANG_WARN_OBJC_IMPLICIT_RETAIN_SELF = YES;
				CLANG_WARN_OBJC_LITERAL_CONVERSION = YES;
				CLANG_WARN_OBJC_ROOT_CLASS = YES_ERROR;
				CLANG_WARN_QUOTED_INCLUDE_IN_FRAMEWORK_HEADER = YES;
				CLANG_WARN_RANGE_LOOP_ANALYSIS = YES;
				CLANG_WARN_STRICT_PROTOTYPES = YES;
				CLANG_WARN_SUSPICIOUS_MOVE = YES;
				CLANG_WARN_UNGUARDED_AVAILABILITY = YES_AGGRESSIVE;
				CLANG_WARN_UNREACHABLE_CODE = YES;
				CLANG_WARN__DUPLICATE_METHOD_MATCH = YES;
				COPY_PHASE_STRIP = NO;
				DEBUG_INFORMATION_FORMAT = "dwarf-with-dsym";
				ENABLE_NS_ASSERTIONS = NO;
				ENABLE_STRICT_OBJC_MSGSEND = YES;
				GCC_C_LANGUAGE_STANDARD = gnu11;
				GCC_NO_COMMON_BLOCKS = YES;
				GCC_WARN_64_TO_32_BIT_CONVERSION = YES;
				GCC_WARN_ABOUT_RETURN_TYPE = YES_ERROR;
				GCC_WARN_UNDECLARED_SELECTOR = YES;
				GCC_WARN_UNINITIALIZED_AUTOS = YES_AGGRESSIVE;
				GCC_WARN_UNUSED_FUNCTION = YES;
				GCC_WARN_UNUSED_VARIABLE = YES;
				MTL_ENABLE_DEBUG_INFO = NO;
				MTL_FAST_MATH = YES;
				SWIFT_COMPILATION_MODE = wholemodule;
				SWIFT_OPTIMIZATION_LEVEL = "-O";
			};
			name = Release;
		};
		87CF15B62792588800F37766 /* Debug */ = {
			isa = XCBuildConfiguration;
			buildSettings = {
				ASSETCATALOG_COMPILER_APPICON_NAME = AppIcon;
				ASSETCATALOG_COMPILER_GLOBAL_ACCENT_COLOR_NAME = AccentColor;
				CODE_SIGN_STYLE = Automatic;
				CURRENT_PROJECT_VERSION = 1;
				DEVELOPMENT_TEAM = 8P84J9SURU;
				ENABLE_PREVIEWS = YES;
				GENERATE_INFOPLIST_FILE = YES;
				INFOPLIST_KEY_UIApplicationSceneManifest_Generation = YES;
				INFOPLIST_KEY_UIApplicationSupportsIndirectInputEvents = YES;
				INFOPLIST_KEY_UILaunchScreen_Generation = YES;
				INFOPLIST_KEY_UISupportedInterfaceOrientations_iPad = "UIInterfaceOrientationPortrait UIInterfaceOrientationPortraitUpsideDown UIInterfaceOrientationLandscapeLeft UIInterfaceOrientationLandscapeRight";
				INFOPLIST_KEY_UISupportedInterfaceOrientations_iPhone = "UIInterfaceOrientationPortrait UIInterfaceOrientationLandscapeLeft UIInterfaceOrientationLandscapeRight";
				IPHONEOS_DEPLOYMENT_TARGET = 15.0;
				LD_RUNPATH_SEARCH_PATHS = (
					"$(inherited)",
					"@executable_path/Frameworks",
				);
				MARKETING_VERSION = 1.0;
				PRODUCT_BUNDLE_IDENTIFIER = com.calebmarquart.Wordle;
				PRODUCT_NAME = Wordle;
				SDKROOT = iphoneos;
				SWIFT_EMIT_LOC_STRINGS = YES;
				SWIFT_VERSION = 5.0;
				TARGETED_DEVICE_FAMILY = "1,2";
			};
			name = Debug;
		};
		87CF15B72792588800F37766 /* Release */ = {
			isa = XCBuildConfiguration;
			buildSettings = {
				ASSETCATALOG_COMPILER_APPICON_NAME = AppIcon;
				ASSETCATALOG_COMPILER_GLOBAL_ACCENT_COLOR_NAME = AccentColor;
				CODE_SIGN_STYLE = Automatic;
				CURRENT_PROJECT_VERSION = 1;
				DEVELOPMENT_TEAM = 8P84J9SURU;
				ENABLE_PREVIEWS = YES;
				GENERATE_INFOPLIST_FILE = YES;
				INFOPLIST_KEY_UIApplicationSceneManifest_Generation = YES;
				INFOPLIST_KEY_UIApplicationSupportsIndirectInputEvents = YES;
				INFOPLIST_KEY_UILaunchScreen_Generation = YES;
				INFOPLIST_KEY_UISupportedInterfaceOrientations_iPad = "UIInterfaceOrientationPortrait UIInterfaceOrientationPortraitUpsideDown UIInterfaceOrientationLandscapeLeft UIInterfaceOrientationLandscapeRight";
				INFOPLIST_KEY_UISupportedInterfaceOrientations_iPhone = "UIInterfaceOrientationPortrait UIInterfaceOrientationLandscapeLeft UIInterfaceOrientationLandscapeRight";
				IPHONEOS_DEPLOYMENT_TARGET = 15.0;
				LD_RUNPATH_SEARCH_PATHS = (
					"$(inherited)",
					"@executable_path/Frameworks",
				);
				MARKETING_VERSION = 1.0;
				PRODUCT_BUNDLE_IDENTIFIER = com.calebmarquart.Wordle;
				PRODUCT_NAME = Wordle;
				SDKROOT = iphoneos;
				SWIFT_EMIT_LOC_STRINGS = YES;
				SWIFT_VERSION = 5.0;
				TARGETED_DEVICE_FAMILY = "1,2";
				VALIDATE_PRODUCT = YES;
			};
			name = Release;
		};
		87CF15B92792588800F37766 /* Debug */ = {
			isa = XCBuildConfiguration;
			buildSettings = {
				ASSETCATALOG_COMPILER_APPICON_NAME = AppIcon;
				ASSETCATALOG_COMPILER_GLOBAL_ACCENT_COLOR_NAME = AccentColor;
				CODE_SIGN_ENTITLEMENTS = macOS/macOS.entitlements;
				CODE_SIGN_STYLE = Automatic;
				COMBINE_HIDPI_IMAGES = YES;
				CURRENT_PROJECT_VERSION = 1;
				DEVELOPMENT_TEAM = 8P84J9SURU;
				ENABLE_HARDENED_RUNTIME = YES;
				ENABLE_PREVIEWS = YES;
				GENERATE_INFOPLIST_FILE = YES;
				INFOPLIST_KEY_NSHumanReadableCopyright = "";
				LD_RUNPATH_SEARCH_PATHS = (
					"$(inherited)",
					"@executable_path/../Frameworks",
				);
				MACOSX_DEPLOYMENT_TARGET = 12.1;
				MARKETING_VERSION = 1.0;
				PRODUCT_BUNDLE_IDENTIFIER = com.calebmarquart.Wordle;
				PRODUCT_NAME = Wordle;
				SDKROOT = macosx;
				SWIFT_EMIT_LOC_STRINGS = YES;
				SWIFT_VERSION = 5.0;
			};
			name = Debug;
		};
		87CF15BA2792588800F37766 /* Release */ = {
			isa = XCBuildConfiguration;
			buildSettings = {
				ASSETCATALOG_COMPILER_APPICON_NAME = AppIcon;
				ASSETCATALOG_COMPILER_GLOBAL_ACCENT_COLOR_NAME = AccentColor;
				CODE_SIGN_ENTITLEMENTS = macOS/macOS.entitlements;
				CODE_SIGN_STYLE = Automatic;
				COMBINE_HIDPI_IMAGES = YES;
				CURRENT_PROJECT_VERSION = 1;
				DEVELOPMENT_TEAM = 8P84J9SURU;
				ENABLE_HARDENED_RUNTIME = YES;
				ENABLE_PREVIEWS = YES;
				GENERATE_INFOPLIST_FILE = YES;
				INFOPLIST_KEY_NSHumanReadableCopyright = "";
				LD_RUNPATH_SEARCH_PATHS = (
					"$(inherited)",
					"@executable_path/../Frameworks",
				);
				MACOSX_DEPLOYMENT_TARGET = 12.1;
				MARKETING_VERSION = 1.0;
				PRODUCT_BUNDLE_IDENTIFIER = com.calebmarquart.Wordle;
				PRODUCT_NAME = Wordle;
				SDKROOT = macosx;
				SWIFT_EMIT_LOC_STRINGS = YES;
				SWIFT_VERSION = 5.0;
			};
			name = Release;
		};
/* End XCBuildConfiguration section */

/* Begin XCConfigurationList section */
		87CF159B2792588700F37766 /* Build configuration list for PBXProject "Wordle" */ = {
			isa = XCConfigurationList;
			buildConfigurations = (
				87CF15B32792588800F37766 /* Debug */,
				87CF15B42792588800F37766 /* Release */,
			);
			defaultConfigurationIsVisible = 0;
			defaultConfigurationName = Release;
		};
		87CF15B52792588800F37766 /* Build configuration list for PBXNativeTarget "Wordle (iOS)" */ = {
			isa = XCConfigurationList;
			buildConfigurations = (
				87CF15B62792588800F37766 /* Debug */,
				87CF15B72792588800F37766 /* Release */,
			);
			defaultConfigurationIsVisible = 0;
			defaultConfigurationName = Release;
		};
		87CF15B82792588800F37766 /* Build configuration list for PBXNativeTarget "Wordle (macOS)" */ = {
			isa = XCConfigurationList;
			buildConfigurations = (
				87CF15B92792588800F37766 /* Debug */,
				87CF15BA2792588800F37766 /* Release */,
			);
			defaultConfigurationIsVisible = 0;
			defaultConfigurationName = Release;
		};
/* End XCConfigurationList section */
	};
	rootObject = 87CF15982792588700F37766 /* Project object */;
}
